
Microsoft Visual Studio Solution File, Format Version 12.00
# Visual Studio Version 16
VisualStudioVersion = 16.0.29613.14
MinimumVisualStudioVersion = 10.0.40219.1
Project("{FAE04EC0-301F-11D3-BF4B-00C04F79EFBC}") = "Auditing.Api", "Auditing.Api\Auditing.Api.csproj", "{6FC0105A-8C1B-439B-BCA0-FF689130684C}"
EndProject
Project("{FAE04EC0-301F-11D3-BF4B-00C04F79EFBC}") = "Auditing.Repos", "Auditing.Repos\Auditing.Repos.csproj", "{ECA514EC-19D0-4C1A-9729-B25944D93A99}"
EndProject
Project("{FAE04EC0-301F-11D3-BF4B-00C04F79EFBC}") = "Auditing.Models", "Auditing.Models\Auditing.Models.csproj", "{E86C1D08-5325-4C3C-937C-B09B493E4744}"
EndProject
Project("{FAE04EC0-301F-11D3-BF4B-00C04F79EFBC}") = "Auditing.Mongo", "Auditing.Mongo\Auditing.Mongo.csproj", "{A5715557-341A-456C-890F-A3EBB891681F}"
EndProject
Global
	GlobalSection(SolutionConfigurationPlatforms) = preSolution
		Debug|Any CPU = Debug|Any CPU
		Release|Any CPU = Release|Any CPU
	EndGlobalSection
	GlobalSection(ProjectConfigurationPlatforms) = postSolution
		{6FC0105A-8C1B-439B-BCA0-FF689130684C}.Debug|Any CPU.ActiveCfg = Debug|Any CPU
		{6FC0105A-8C1B-439B-BCA0-FF689130684C}.Debug|Any CPU.Build.0 = Debug|Any CPU
		{6FC0105A-8C1B-439B-BCA0-FF689130684C}.Release|Any CPU.ActiveCfg = Release|Any CPU
		{6FC0105A-8C1B-439B-BCA0-FF689130684C}.Release|Any CPU.Build.0 = Release|Any CPU
		{ECA514EC-19D0-4C1A-9729-B25944D93A99}.Debug|Any CPU.ActiveCfg = Debug|Any CPU
		{ECA514EC-19D0-4C1A-9729-B25944D93A99}.Debug|Any CPU.Build.0 = Debug|Any CPU
		{ECA514EC-19D0-4C1A-9729-B25944D93A99}.Release|Any CPU.ActiveCfg = Release|Any CPU
		{ECA514EC-19D0-4C1A-9729-B25944D93A99}.Release|Any CPU.Build.0 = Release|Any CPU
		{E86C1D08-5325-4C3C-937C-B09B493E4744}.Debug|Any CPU.ActiveCfg = Debug|Any CPU
		{E86C1D08-5325-4C3C-937C-B09B493E4744}.Debug|Any CPU.Build.0 = Debug|Any CPU
		{E86C1D08-5325-4C3C-937C-B09B493E4744}.Release|Any CPU.ActiveCfg = Release|Any CPU
		{E86C1D08-5325-4C3C-937C-B09B493E4744}.Release|Any CPU.Build.0 = Release|Any CPU
		{A5715557-341A-456C-890F-A3EBB891681F}.Debug|Any CPU.ActiveCfg = Debug|Any CPU
		{A5715557-341A-456C-890F-A3EBB891681F}.Debug|Any CPU.Build.0 = Debug|Any CPU
		{A5715557-341A-456C-890F-A3EBB891681F}.Release|Any CPU.ActiveCfg = Release|Any CPU
		{A5715557-341A-456C-890F-A3EBB891681F}.Release|Any CPU.Build.0 = Release|Any CPU
	EndGlobalSection
	GlobalSection(SolutionProperties) = preSolution
		HideSolutionNode = FALSE
	EndGlobalSection
	GlobalSection(ExtensibilityGlobals) = postSolution
		SolutionGuid = {ED8BA5AE-2A4F-4612-A770-23AD8C171C61}
	EndGlobalSection
EndGlobal
